// !$*UTF8*$!
{
	archiveVersion = 1;
	classes = {
	};
	objectVersion = 55;
	objects = {

/* Begin PBXBuildFile section */
		8484373A28B75FDB00A4E141 /* VIDA_SwiftuiApp.swift in Sources */ = {isa = PBXBuildFile; fileRef = 8484373928B75FDB00A4E141 /* VIDA_SwiftuiApp.swift */; };
		8484373C28B75FDB00A4E141 /* ContentView.swift in Sources */ = {isa = PBXBuildFile; fileRef = 8484373B28B75FDB00A4E141 /* ContentView.swift */; };
		8484373E28B75FDB00A4E141 /* Assets.xcassets in Resources */ = {isa = PBXBuildFile; fileRef = 8484373D28B75FDB00A4E141 /* Assets.xcassets */; };
		8484374128B75FDB00A4E141 /* Preview Assets.xcassets in Resources */ = {isa = PBXBuildFile; fileRef = 8484374028B75FDB00A4E141 /* Preview Assets.xcassets */; };
		8484374328B75FDB00A4E141 /* Persistence.swift in Sources */ = {isa = PBXBuildFile; fileRef = 8484374228B75FDB00A4E141 /* Persistence.swift */; };
		8484374628B75FDB00A4E141 /* VIDA_Swiftui.xcdatamodeld in Sources */ = {isa = PBXBuildFile; fileRef = 8484374428B75FDB00A4E141 /* VIDA_Swiftui.xcdatamodeld */; };
		8484375028B75FDC00A4E141 /* VIDA_SwiftuiTests.swift in Sources */ = {isa = PBXBuildFile; fileRef = 8484374F28B75FDC00A4E141 /* VIDA_SwiftuiTests.swift */; };
		8484375A28B75FDC00A4E141 /* VIDA_SwiftuiUITests.swift in Sources */ = {isa = PBXBuildFile; fileRef = 8484375928B75FDC00A4E141 /* VIDA_SwiftuiUITests.swift */; };
		8484375C28B75FDC00A4E141 /* VIDA_SwiftuiUITestsLaunchTests.swift in Sources */ = {isa = PBXBuildFile; fileRef = 8484375B28B75FDC00A4E141 /* VIDA_SwiftuiUITestsLaunchTests.swift */; };
/* End PBXBuildFile section */

/* Begin PBXContainerItemProxy section */
		8484374C28B75FDC00A4E141 /* PBXContainerItemProxy */ = {
			isa = PBXContainerItemProxy;
			containerPortal = 8484372E28B75FDB00A4E141 /* Project object */;
			proxyType = 1;
			remoteGlobalIDString = 8484373528B75FDB00A4E141;
			remoteInfo = "VIDA-Swiftui";
		};
		8484375628B75FDC00A4E141 /* PBXContainerItemProxy */ = {
			isa = PBXContainerItemProxy;
			containerPortal = 8484372E28B75FDB00A4E141 /* Project object */;
			proxyType = 1;
			remoteGlobalIDString = 8484373528B75FDB00A4E141;
			remoteInfo = "VIDA-Swiftui";
		};
/* End PBXContainerItemProxy section */

/* Begin PBXFileReference section */
		8484373628B75FDB00A4E141 /* VIDA-Swiftui.app */ = {isa = PBXFileReference; explicitFileType = wrapper.application; includeInIndex = 0; path = "VIDA-Swiftui.app"; sourceTree = BUILT_PRODUCTS_DIR; };
		8484373928B75FDB00A4E141 /* VIDA_SwiftuiApp.swift */ = {isa = PBXFileReference; lastKnownFileType = sourcecode.swift; path = VIDA_SwiftuiApp.swift; sourceTree = "<group>"; };
		8484373B28B75FDB00A4E141 /* ContentView.swift */ = {isa = PBXFileReference; lastKnownFileType = sourcecode.swift; path = ContentView.swift; sourceTree = "<group>"; };
		8484373D28B75FDB00A4E141 /* Assets.xcassets */ = {isa = PBXFileReference; lastKnownFileType = folder.assetcatalog; path = Assets.xcassets; sourceTree = "<group>"; };
		8484374028B75FDB00A4E141 /* Preview Assets.xcassets */ = {isa = PBXFileReference; lastKnownFileType = folder.assetcatalog; path = "Preview Assets.xcassets"; sourceTree = "<group>"; };
		8484374228B75FDB00A4E141 /* Persistence.swift */ = {isa = PBXFileReference; lastKnownFileType = sourcecode.swift; path = Persistence.swift; sourceTree = "<group>"; };
		8484374528B75FDB00A4E141 /* VIDA_Swiftui.xcdatamodel */ = {isa = PBXFileReference; lastKnownFileType = wrapper.xcdatamodel; path = VIDA_Swiftui.xcdatamodel; sourceTree = "<group>"; };
		8484374B28B75FDC00A4E141 /* VIDA-SwiftuiTests.xctest */ = {isa = PBXFileReference; explicitFileType = wrapper.cfbundle; includeInIndex = 0; path = "VIDA-SwiftuiTests.xctest"; sourceTree = BUILT_PRODUCTS_DIR; };
		8484374F28B75FDC00A4E141 /* VIDA_SwiftuiTests.swift */ = {isa = PBXFileReference; lastKnownFileType = sourcecode.swift; path = VIDA_SwiftuiTests.swift; sourceTree = "<group>"; };
		8484375528B75FDC00A4E141 /* VIDA-SwiftuiUITests.xctest */ = {isa = PBXFileReference; explicitFileType = wrapper.cfbundle; includeInIndex = 0; path = "VIDA-SwiftuiUITests.xctest"; sourceTree = BUILT_PRODUCTS_DIR; };
		8484375928B75FDC00A4E141 /* VIDA_SwiftuiUITests.swift */ = {isa = PBXFileReference; lastKnownFileType = sourcecode.swift; path = VIDA_SwiftuiUITests.swift; sourceTree = "<group>"; };
		8484375B28B75FDC00A4E141 /* VIDA_SwiftuiUITestsLaunchTests.swift */ = {isa = PBXFileReference; lastKnownFileType = sourcecode.swift; path = VIDA_SwiftuiUITestsLaunchTests.swift; sourceTree = "<group>"; };
/* End PBXFileReference section */

/* Begin PBXFrameworksBuildPhase section */
		8484373328B75FDB00A4E141 /* Frameworks */ = {
			isa = PBXFrameworksBuildPhase;
			buildActionMask = 2147483647;
			files = (
			);
			runOnlyForDeploymentPostprocessing = 0;
		};
		8484374828B75FDC00A4E141 /* Frameworks */ = {
			isa = PBXFrameworksBuildPhase;
			buildActionMask = 2147483647;
			files = (
			);
			runOnlyForDeploymentPostprocessing = 0;
		};
		8484375228B75FDC00A4E141 /* Frameworks */ = {
			isa = PBXFrameworksBuildPhase;
			buildActionMask = 2147483647;
			files = (
			);
			runOnlyForDeploymentPostprocessing = 0;
		};
/* End PBXFrameworksBuildPhase section */

/* Begin PBXGroup section */
		8484372D28B75FDB00A4E141 = {
			isa = PBXGroup;
			children = (
				8484373828B75FDB00A4E141 /* VIDA-Swiftui */,
				8484374E28B75FDC00A4E141 /* VIDA-SwiftuiTests */,
				8484375828B75FDC00A4E141 /* VIDA-SwiftuiUITests */,
				8484373728B75FDB00A4E141 /* Products */,
			);
			sourceTree = "<group>";
		};
		8484373728B75FDB00A4E141 /* Products */ = {
			isa = PBXGroup;
			children = (
				8484373628B75FDB00A4E141 /* VIDA-Swiftui.app */,
				8484374B28B75FDC00A4E141 /* VIDA-SwiftuiTests.xctest */,
				8484375528B75FDC00A4E141 /* VIDA-SwiftuiUITests.xctest */,
			);
			name = Products;
			sourceTree = "<group>";
		};
		8484373828B75FDB00A4E141 /* VIDA-Swiftui */ = {
			isa = PBXGroup;
			children = (
				8484373928B75FDB00A4E141 /* VIDA_SwiftuiApp.swift */,
				8484373B28B75FDB00A4E141 /* ContentView.swift */,
				8484373D28B75FDB00A4E141 /* Assets.xcassets */,
				8484374228B75FDB00A4E141 /* Persistence.swift */,
				8484374428B75FDB00A4E141 /* VIDA_Swiftui.xcdatamodeld */,
				8484373F28B75FDB00A4E141 /* Preview Content */,
			);
			path = "VIDA-Swiftui";
			sourceTree = "<group>";
		};
		8484373F28B75FDB00A4E141 /* Preview Content */ = {
			isa = PBXGroup;
			children = (
				8484374028B75FDB00A4E141 /* Preview Assets.xcassets */,
			);
			path = "Preview Content";
			sourceTree = "<group>";
		};
		8484374E28B75FDC00A4E141 /* VIDA-SwiftuiTests */ = {
			isa = PBXGroup;
			children = (
				8484374F28B75FDC00A4E141 /* VIDA_SwiftuiTests.swift */,
			);
			path = "VIDA-SwiftuiTests";
			sourceTree = "<group>";
		};
		8484375828B75FDC00A4E141 /* VIDA-SwiftuiUITests */ = {
			isa = PBXGroup;
			children = (
				8484375928B75FDC00A4E141 /* VIDA_SwiftuiUITests.swift */,
				8484375B28B75FDC00A4E141 /* VIDA_SwiftuiUITestsLaunchTests.swift */,
			);
			path = "VIDA-SwiftuiUITests";
			sourceTree = "<group>";
		};
/* End PBXGroup section */

/* Begin PBXNativeTarget section */
		8484373528B75FDB00A4E141 /* VIDA-Swiftui */ = {
			isa = PBXNativeTarget;
			buildConfigurationList = 8484375F28B75FDC00A4E141 /* Build configuration list for PBXNativeTarget "VIDA-Swiftui" */;
			buildPhases = (
				8484373228B75FDB00A4E141 /* Sources */,
				8484373328B75FDB00A4E141 /* Frameworks */,
				8484373428B75FDB00A4E141 /* Resources */,
			);
			buildRules = (
			);
			dependencies = (
			);
			name = "VIDA-Swiftui";
			productName = "VIDA-Swiftui";
			productReference = 8484373628B75FDB00A4E141 /* VIDA-Swiftui.app */;
			productType = "com.apple.product-type.application";
		};
		8484374A28B75FDC00A4E141 /* VIDA-SwiftuiTests */ = {
			isa = PBXNativeTarget;
			buildConfigurationList = 8484376228B75FDC00A4E141 /* Build configuration list for PBXNativeTarget "VIDA-SwiftuiTests" */;
			buildPhases = (
				8484374728B75FDC00A4E141 /* Sources */,
				8484374828B75FDC00A4E141 /* Frameworks */,
				8484374928B75FDC00A4E141 /* Resources */,
			);
			buildRules = (
			);
			dependencies = (
				8484374D28B75FDC00A4E141 /* PBXTargetDependency */,
			);
			name = "VIDA-SwiftuiTests";
			productName = "VIDA-SwiftuiTests";
			productReference = 8484374B28B75FDC00A4E141 /* VIDA-SwiftuiTests.xctest */;
			productType = "com.apple.product-type.bundle.unit-test";
		};
		8484375428B75FDC00A4E141 /* VIDA-SwiftuiUITests */ = {
			isa = PBXNativeTarget;
			buildConfigurationList = 8484376528B75FDC00A4E141 /* Build configuration list for PBXNativeTarget "VIDA-SwiftuiUITests" */;
			buildPhases = (
				8484375128B75FDC00A4E141 /* Sources */,
				8484375228B75FDC00A4E141 /* Frameworks */,
				8484375328B75FDC00A4E141 /* Resources */,
			);
			buildRules = (
			);
			dependencies = (
				8484375728B75FDC00A4E141 /* PBXTargetDependency */,
			);
			name = "VIDA-SwiftuiUITests";
			productName = "VIDA-SwiftuiUITests";
			productReference = 8484375528B75FDC00A4E141 /* VIDA-SwiftuiUITests.xctest */;
			productType = "com.apple.product-type.bundle.ui-testing";
		};
/* End PBXNativeTarget section */

/* Begin PBXProject section */
		8484372E28B75FDB00A4E141 /* Project object */ = {
			isa = PBXProject;
			attributes = {
				BuildIndependentTargetsInParallel = 1;
				LastSwiftUpdateCheck = 1340;
				LastUpgradeCheck = 1340;
				TargetAttributes = {
					8484373528B75FDB00A4E141 = {
						CreatedOnToolsVersion = 13.4.1;
					};
					8484374A28B75FDC00A4E141 = {
						CreatedOnToolsVersion = 13.4.1;
						TestTargetID = 8484373528B75FDB00A4E141;
					};
					8484375428B75FDC00A4E141 = {
						CreatedOnToolsVersion = 13.4.1;
						TestTargetID = 8484373528B75FDB00A4E141;
					};
				};
			};
			buildConfigurationList = 8484373128B75FDB00A4E141 /* Build configuration list for PBXProject "VIDA-Swiftui" */;
			compatibilityVersion = "Xcode 13.0";
			developmentRegion = en;
			hasScannedForEncodings = 0;
			knownRegions = (
				en,
				Base,
			);
			mainGroup = 8484372D28B75FDB00A4E141;
			productRefGroup = 8484373728B75FDB00A4E141 /* Products */;
			projectDirPath = "";
			projectRoot = "";
			targets = (
				8484373528B75FDB00A4E141 /* VIDA-Swiftui */,
				8484374A28B75FDC00A4E141 /* VIDA-SwiftuiTests */,
				8484375428B75FDC00A4E141 /* VIDA-SwiftuiUITests */,
			);
		};
/* End PBXProject section */

/* Begin PBXResourcesBuildPhase section */
		8484373428B75FDB00A4E141 /* Resources */ = {
			isa = PBXResourcesBuildPhase;
			buildActionMask = 2147483647;
			files = (
				8484374128B75FDB00A4E141 /* Preview Assets.xcassets in Resources */,
				8484373E28B75FDB00A4E141 /* Assets.xcassets in Resources */,
			);
			runOnlyForDeploymentPostprocessing = 0;
		};
		8484374928B75FDC00A4E141 /* Resources */ = {
			isa = PBXResourcesBuildPhase;
			buildActionMask = 2147483647;
			files = (
			);
			runOnlyForDeploymentPostprocessing = 0;
		};
		8484375328B75FDC00A4E141 /* Resources */ = {
			isa = PBXResourcesBuildPhase;
			buildActionMask = 2147483647;
			files = (
			);
			runOnlyForDeploymentPostprocessing = 0;
		};
/* End PBXResourcesBuildPhase section */

/* Begin PBXSourcesBuildPhase section */
		8484373228B75FDB00A4E141 /* Sources */ = {
			isa = PBXSourcesBuildPhase;
			buildActionMask = 2147483647;
			files = (
				8484374328B75FDB00A4E141 /* Persistence.swift in Sources */,
				8484373C28B75FDB00A4E141 /* ContentView.swift in Sources */,
				8484373A28B75FDB00A4E141 /* VIDA_SwiftuiApp.swift in Sources */,
				8484374628B75FDB00A4E141 /* VIDA_Swiftui.xcdatamodeld in Sources */,
			);
			runOnlyForDeploymentPostprocessing = 0;
		};
		8484374728B75FDC00A4E141 /* Sources */ = {
			isa = PBXSourcesBuildPhase;
			buildActionMask = 2147483647;
			files = (
				8484375028B75FDC00A4E141 /* VIDA_SwiftuiTests.swift in Sources */,
			);
			runOnlyForDeploymentPostprocessing = 0;
		};
		8484375128B75FDC00A4E141 /* Sources */ = {
			isa = PBXSourcesBuildPhase;
			buildActionMask = 2147483647;
			files = (
				8484375C28B75FDC00A4E141 /* VIDA_SwiftuiUITestsLaunchTests.swift in Sources */,
				8484375A28B75FDC00A4E141 /* VIDA_SwiftuiUITests.swift in Sources */,
			);
			runOnlyForDeploymentPostprocessing = 0;
		};
/* End PBXSourcesBuildPhase section */

/* Begin PBXTargetDependency section */
		8484374D28B75FDC00A4E141 /* PBXTargetDependency */ = {
			isa = PBXTargetDependency;
			target = 8484373528B75FDB00A4E141 /* VIDA-Swiftui */;
			targetProxy = 8484374C28B75FDC00A4E141 /* PBXContainerItemProxy */;
		};
		8484375728B75FDC00A4E141 /* PBXTargetDependency */ = {
			isa = PBXTargetDependency;
			target = 8484373528B75FDB00A4E141 /* VIDA-Swiftui */;
			targetProxy = 8484375628B75FDC00A4E141 /* PBXContainerItemProxy */;
		};
/* End PBXTargetDependency section */

/* Begin XCBuildConfiguration section */
		8484375D28B75FDC00A4E141 /* Debug */ = {
			isa = XCBuildConfiguration;
			buildSettings = {
				ALWAYS_SEARCH_USER_PATHS = NO;
				CLANG_ANALYZER_NONNULL = YES;
				CLANG_ANALYZER_NUMBER_OBJECT_CONVERSION = YES_AGGRESSIVE;
				CLANG_CXX_LANGUAGE_STANDARD = "gnu++17";
				CLANG_ENABLE_MODULES = YES;
				CLANG_ENABLE_OBJC_ARC = YES;
				CLANG_ENABLE_OBJC_WEAK = YES;
				CLANG_WARN_BLOCK_CAPTURE_AUTORELEASING = YES;
				CLANG_WARN_BOOL_CONVERSION = YES;
				CLANG_WARN_COMMA = YES;
				CLANG_WARN_CONSTANT_CONVERSION = YES;
				CLANG_WARN_DEPRECATED_OBJC_IMPLEMENTATIONS = YES;
				CLANG_WARN_DIRECT_OBJC_ISA_USAGE = YES_ERROR;
				CLANG_WARN_DOCUMENTATION_COMMENTS = YES;
				CLANG_WARN_EMPTY_BODY = YES;
				CLANG_WARN_ENUM_CONVERSION = YES;
				CLANG_WARN_INFINITE_RECURSION = YES;
				CLANG_WARN_INT_CONVERSION = YES;
				CLANG_WARN_NON_LITERAL_NULL_CONVERSION = YES;
				CLANG_WARN_OBJC_IMPLICIT_RETAIN_SELF = YES;
				CLANG_WARN_OBJC_LITERAL_CONVERSION = YES;
				CLANG_WARN_OBJC_ROOT_CLASS = YES_ERROR;
				CLANG_WARN_QUOTED_INCLUDE_IN_FRAMEWORK_HEADER = YES;
				CLANG_WARN_RANGE_LOOP_ANALYSIS = YES;
				CLANG_WARN_STRICT_PROTOTYPES = YES;
				CLANG_WARN_SUSPICIOUS_MOVE = YES;
				CLANG_WARN_UNGUARDED_AVAILABILITY = YES_AGGRESSIVE;
				CLANG_WARN_UNREACHABLE_CODE = YES;
				CLANG_WARN__DUPLICATE_METHOD_MATCH = YES;
				COPY_PHASE_STRIP = NO;
				DEBUG_INFORMATION_FORMAT = dwarf;
				ENABLE_STRICT_OBJC_MSGSEND = YES;
				ENABLE_TESTABILITY = YES;
				GCC_C_LANGUAGE_STANDARD = gnu11;
				GCC_DYNAMIC_NO_PIC = NO;
				GCC_NO_COMMON_BLOCKS = YES;
				GCC_OPTIMIZATION_LEVEL = 0;
				GCC_PREPROCESSOR_DEFINITIONS = (
					"DEBUG=1",
					"$(inherited)",
				);
				GCC_WARN_64_TO_32_BIT_CONVERSION = YES;
				GCC_WARN_ABOUT_RETURN_TYPE = YES_ERROR;
				GCC_WARN_UNDECLARED_SELECTOR = YES;
				GCC_WARN_UNINITIALIZED_AUTOS = YES_AGGRESSIVE;
				GCC_WARN_UNUSED_FUNCTION = YES;
				GCC_WARN_UNUSED_VARIABLE = YES;
				IPHONEOS_DEPLOYMENT_TARGET = 15.5;
				MTL_ENABLE_DEBUG_INFO = INCLUDE_SOURCE;
				MTL_FAST_MATH = YES;
				ONLY_ACTIVE_ARCH = YES;
				SDKROOT = iphoneos;
				SWIFT_ACTIVE_COMPILATION_CONDITIONS = DEBUG;
				SWIFT_OPTIMIZATION_LEVEL = "-Onone";
			};
			name = Debug;
		};
		8484375E28B75FDC00A4E141 /* Release */ = {
			isa = XCBuildConfiguration;
			buildSettings = {
				ALWAYS_SEARCH_USER_PATHS = NO;
				CLANG_ANALYZER_NONNULL = YES;
				CLANG_ANALYZER_NUMBER_OBJECT_CONVERSION = YES_AGGRESSIVE;
				CLANG_CXX_LANGUAGE_STANDARD = "gnu++17";
				CLANG_ENABLE_MODULES = YES;
				CLANG_ENABLE_OBJC_ARC = YES;
				CLANG_ENABLE_OBJC_WEAK = YES;
				CLANG_WARN_BLOCK_CAPTURE_AUTORELEASING = YES;
				CLANG_WARN_BOOL_CONVERSION = YES;
				CLANG_WARN_COMMA = YES;
				CLANG_WARN_CONSTANT_CONVERSION = YES;
				CLANG_WARN_DEPRECATED_OBJC_IMPLEMENTATIONS = YES;
				CLANG_WARN_DIRECT_OBJC_ISA_USAGE = YES_ERROR;
				CLANG_WARN_DOCUMENTATION_COMMENTS = YES;
				CLANG_WARN_EMPTY_BODY = YES;
				CLANG_WARN_ENUM_CONVERSION = YES;
				CLANG_WARN_INFINITE_RECURSION = YES;
				CLANG_WARN_INT_CONVERSION = YES;
				CLANG_WARN_NON_LITERAL_NULL_CONVERSION = YES;
				CLANG_WARN_OBJC_IMPLICIT_RETAIN_SELF = YES;
				CLANG_WARN_OBJC_LITERAL_CONVERSION = YES;
				CLANG_WARN_OBJC_ROOT_CLASS = YES_ERROR;
				CLANG_WARN_QUOTED_INCLUDE_IN_FRAMEWORK_HEADER = YES;
				CLANG_WARN_RANGE_LOOP_ANALYSIS = YES;
				CLANG_WARN_STRICT_PROTOTYPES = YES;
				CLANG_WARN_SUSPICIOUS_MOVE = YES;
				CLANG_WARN_UNGUARDED_AVAILABILITY = YES_AGGRESSIVE;
				CLANG_WARN_UNREACHABLE_CODE = YES;
				CLANG_WARN__DUPLICATE_METHOD_MATCH = YES;
				COPY_PHASE_STRIP = NO;
				DEBUG_INFORMATION_FORMAT = "dwarf-with-dsym";
				ENABLE_NS_ASSERTIONS = NO;
				ENABLE_STRICT_OBJC_MSGSEND = YES;
				GCC_C_LANGUAGE_STANDARD = gnu11;
				GCC_NO_COMMON_BLOCKS = YES;
				GCC_WARN_64_TO_32_BIT_CONVERSION = YES;
				GCC_WARN_ABOUT_RETURN_TYPE = YES_ERROR;
				GCC_WARN_UNDECLARED_SELECTOR = YES;
				GCC_WARN_UNINITIALIZED_AUTOS = YES_AGGRESSIVE;
				GCC_WARN_UNUSED_FUNCTION = YES;
				GCC_WARN_UNUSED_VARIABLE = YES;
				IPHONEOS_DEPLOYMENT_TARGET = 15.5;
				MTL_ENABLE_DEBUG_INFO = NO;
				MTL_FAST_MATH = YES;
				SDKROOT = iphoneos;
				SWIFT_COMPILATION_MODE = wholemodule;
				SWIFT_OPTIMIZATION_LEVEL = "-O";
				VALIDATE_PRODUCT = YES;
			};
			name = Release;
		};
		8484376028B75FDC00A4E141 /* Debug */ = {
			isa = XCBuildConfiguration;
			buildSettings = {
				ASSETCATALOG_COMPILER_APPICON_NAME = AppIcon;
				ASSETCATALOG_COMPILER_GLOBAL_ACCENT_COLOR_NAME = AccentColor;
				CODE_SIGN_STYLE = Automatic;
				CURRENT_PROJECT_VERSION = 1;
				DEVELOPMENT_ASSET_PATHS = "\"VIDA-Swiftui/Preview Content\"";
				DEVELOPMENT_TEAM = 3VJ6JQBLJ7;
				ENABLE_PREVIEWS = YES;
				GENERATE_INFOPLIST_FILE = YES;
				INFOPLIST_KEY_UIApplicationSceneManifest_Generation = YES;
				INFOPLIST_KEY_UIApplicationSupportsIndirectInputEvents = YES;
				INFOPLIST_KEY_UILaunchScreen_Generation = YES;
				INFOPLIST_KEY_UISupportedInterfaceOrientations_iPad = "UIInterfaceOrientationPortrait UIInterfaceOrientationPortraitUpsideDown UIInterfaceOrientationLandscapeLeft UIInterfaceOrientationLandscapeRight";
				INFOPLIST_KEY_UISupportedInterfaceOrientations_iPhone = "UIInterfaceOrientationPortrait UIInterfaceOrientationLandscapeLeft UIInterfaceOrientationLandscapeRight";
				LD_RUNPATH_SEARCH_PATHS = (
					"$(inherited)",
					"@executable_path/Frameworks",
				);
				MARKETING_VERSION = 1.0;
				PRODUCT_BUNDLE_IDENTIFIER = "Appinventiv.VIDA-Swiftui";
				PRODUCT_NAME = "$(TARGET_NAME)";
				SWIFT_EMIT_LOC_STRINGS = YES;
				SWIFT_VERSION = 5.0;
				TARGETED_DEVICE_FAMILY = "1,2";
			};
			name = Debug;
		};
		8484376128B75FDC00A4E141 /* Release */ = {
			isa = XCBuildConfiguration;
			buildSettings = {
				ASSETCATALOG_COMPILER_APPICON_NAME = AppIcon;
				ASSETCATALOG_COMPILER_GLOBAL_ACCENT_COLOR_NAME = AccentColor;
				CODE_SIGN_STYLE = Automatic;
				CURRENT_PROJECT_VERSION = 1;
				DEVELOPMENT_ASSET_PATHS = "\"VIDA-Swiftui/Preview Content\"";
				DEVELOPMENT_TEAM = 3VJ6JQBLJ7;
				ENABLE_PREVIEWS = YES;
				GENERATE_INFOPLIST_FILE = YES;
				INFOPLIST_KEY_UIApplicationSceneManifest_Generation = YES;
				INFOPLIST_KEY_UIApplicationSupportsIndirectInputEvents = YES;
				INFOPLIST_KEY_UILaunchScreen_Generation = YES;
				INFOPLIST_KEY_UISupportedInterfaceOrientations_iPad = "UIInterfaceOrientationPortrait UIInterfaceOrientationPortraitUpsideDown UIInterfaceOrientationLandscapeLeft UIInterfaceOrientationLandscapeRight";
				INFOPLIST_KEY_UISupportedInterfaceOrientations_iPhone = "UIInterfaceOrientationPortrait UIInterfaceOrientationLandscapeLeft UIInterfaceOrientationLandscapeRight";
				LD_RUNPATH_SEARCH_PATHS = (
					"$(inherited)",
					"@executable_path/Frameworks",
				);
				MARKETING_VERSION = 1.0;
				PRODUCT_BUNDLE_IDENTIFIER = "Appinventiv.VIDA-Swiftui";
				PRODUCT_NAME = "$(TARGET_NAME)";
				SWIFT_EMIT_LOC_STRINGS = YES;
				SWIFT_VERSION = 5.0;
				TARGETED_DEVICE_FAMILY = "1,2";
			};
			name = Release;
		};
		8484376328B75FDC00A4E141 /* Debug */ = {
			isa = XCBuildConfiguration;
			buildSettings = {
				ALWAYS_EMBED_SWIFT_STANDARD_LIBRARIES = YES;
				BUNDLE_LOADER = "$(TEST_HOST)";
				CODE_SIGN_STYLE = Automatic;
				CURRENT_PROJECT_VERSION = 1;
				DEVELOPMENT_TEAM = 3VJ6JQBLJ7;
				GENERATE_INFOPLIST_FILE = YES;
				IPHONEOS_DEPLOYMENT_TARGET = 15.5;
				MARKETING_VERSION = 1.0;
				PRODUCT_BUNDLE_IDENTIFIER = "Appinventiv.VIDA-SwiftuiTests";
				PRODUCT_NAME = "$(TARGET_NAME)";
				SWIFT_EMIT_LOC_STRINGS = NO;
				SWIFT_VERSION = 5.0;
				TARGETED_DEVICE_FAMILY = "1,2";
				TEST_HOST = "$(BUILT_PRODUCTS_DIR)/VIDA-Swiftui.app/VIDA-Swiftui";
			};
			name = Debug;
		};
		8484376428B75FDC00A4E141 /* Release */ = {
			isa = XCBuildConfiguration;
			buildSettings = {
				ALWAYS_EMBED_SWIFT_STANDARD_LIBRARIES = YES;
				BUNDLE_LOADER = "$(TEST_HOST)";
				CODE_SIGN_STYLE = Automatic;
				CURRENT_PROJECT_VERSION = 1;
				DEVELOPMENT_TEAM = 3VJ6JQBLJ7;
				GENERATE_INFOPLIST_FILE = YES;
				IPHONEOS_DEPLOYMENT_TARGET = 15.5;
				MARKETING_VERSION = 1.0;
				PRODUCT_BUNDLE_IDENTIFIER = "Appinventiv.VIDA-SwiftuiTests";
				PRODUCT_NAME = "$(TARGET_NAME)";
				SWIFT_EMIT_LOC_STRINGS = NO;
				SWIFT_VERSION = 5.0;
				TARGETED_DEVICE_FAMILY = "1,2";
				TEST_HOST = "$(BUILT_PRODUCTS_DIR)/VIDA-Swiftui.app/VIDA-Swiftui";
			};
			name = Release;
		};
		8484376628B75FDC00A4E141 /* Debug */ = {
			isa = XCBuildConfiguration;
			buildSettings = {
				ALWAYS_EMBED_SWIFT_STANDARD_LIBRARIES = YES;
				CODE_SIGN_STYLE = Automatic;
				CURRENT_PROJECT_VERSION = 1;
				DEVELOPMENT_TEAM = 3VJ6JQBLJ7;
				GENERATE_INFOPLIST_FILE = YES;
				MARKETING_VERSION = 1.0;
				PRODUCT_BUNDLE_IDENTIFIER = "Appinventiv.VIDA-SwiftuiUITests";
				PRODUCT_NAME = "$(TARGET_NAME)";
				SWIFT_EMIT_LOC_STRINGS = NO;
				SWIFT_VERSION = 5.0;
				TARGETED_DEVICE_FAMILY = "1,2";
				TEST_TARGET_NAME = "VIDA-Swiftui";
			};
			name = Debug;
		};
		8484376728B75FDC00A4E141 /* Release */ = {
			isa = XCBuildConfiguration;
			buildSettings = {
				ALWAYS_EMBED_SWIFT_STANDARD_LIBRARIES = YES;
				CODE_SIGN_STYLE = Automatic;
				CURRENT_PROJECT_VERSION = 1;
				DEVELOPMENT_TEAM = 3VJ6JQBLJ7;
				GENERATE_INFOPLIST_FILE = YES;
				MARKETING_VERSION = 1.0;
				PRODUCT_BUNDLE_IDENTIFIER = "Appinventiv.VIDA-SwiftuiUITests";
				PRODUCT_NAME = "$(TARGET_NAME)";
				SWIFT_EMIT_LOC_STRINGS = NO;
				SWIFT_VERSION = 5.0;
				TARGETED_DEVICE_FAMILY = "1,2";
				TEST_TARGET_NAME = "VIDA-Swiftui";
			};
			name = Release;
		};
/* End XCBuildConfiguration section */

/* Begin XCConfigurationList section */
		8484373128B75FDB00A4E141 /* Build configuration list for PBXProject "VIDA-Swiftui" */ = {
			isa = XCConfigurationList;
			buildConfigurations = (
				8484375D28B75FDC00A4E141 /* Debug */,
				8484375E28B75FDC00A4E141 /* Release */,
			);
			defaultConfigurationIsVisible = 0;
			defaultConfigurationName = Release;
		};
		8484375F28B75FDC00A4E141 /* Build configuration list for PBXNativeTarget "VIDA-Swiftui" */ = {
			isa = XCConfigurationList;
			buildConfigurations = (
				8484376028B75FDC00A4E141 /* Debug */,
				8484376128B75FDC00A4E141 /* Release */,
			);
			defaultConfigurationIsVisible = 0;
			defaultConfigurationName = Release;
		};
		8484376228B75FDC00A4E141 /* Build configuration list for PBXNativeTarget "VIDA-SwiftuiTests" */ = {
			isa = XCConfigurationList;
			buildConfigurations = (
				8484376328B75FDC00A4E141 /* Debug */,
				8484376428B75FDC00A4E141 /* Release */,
			);
			defaultConfigurationIsVisible = 0;
			defaultConfigurationName = Release;
		};
		8484376528B75FDC00A4E141 /* Build configuration list for PBXNativeTarget "VIDA-SwiftuiUITests" */ = {
			isa = XCConfigurationList;
			buildConfigurations = (
				8484376628B75FDC00A4E141 /* Debug */,
				8484376728B75FDC00A4E141 /* Release */,
			);
			defaultConfigurationIsVisible = 0;
			defaultConfigurationName = Release;
		};
/* End XCConfigurationList section */

/* Begin XCVersionGroup section */
		8484374428B75FDB00A4E141 /* VIDA_Swiftui.xcdatamodeld */ = {
			isa = XCVersionGroup;
			children = (
				8484374528B75FDB00A4E141 /* VIDA_Swiftui.xcdatamodel */,
			);
			currentVersion = 8484374528B75FDB00A4E141 /* VIDA_Swiftui.xcdatamodel */;
			path = VIDA_Swiftui.xcdatamodeld;
			sourceTree = "<group>";
			versionGroupType = wrapper.xcdatamodel;
		};
/* End XCVersionGroup section */
	};
	rootObject = 8484372E28B75FDB00A4E141 /* Project object */;
}
